
Microsoft Visual Studio Solution File, Format Version 12.00
# Visual Studio Version 17
VisualStudioVersion = 17.13.35828.75 d17.13
MinimumVisualStudioVersion = 10.0.40219.1
Project("{FAE04EC0-301F-11D3-BF4B-00C04F79EFBC}") = "SistemaPontoEletronico", "SistemaPontoEletronico.csproj", "{EAB44AD9-04EA-45CE-88CA-12BB958E10A5}"
EndProject
Global
	GlobalSection(SolutionConfigurationPlatforms) = preSolution
		Debug|Any CPU = Debug|Any CPU
		Release|Any CPU = Release|Any CPU
	EndGlobalSection
	GlobalSection(ProjectConfigurationPlatforms) = postSolution
		{EAB44AD9-04EA-45CE-88CA-12BB958E10A5}.Debug|Any CPU.ActiveCfg = Debug|Any CPU
		{EAB44AD9-04EA-45CE-88CA-12BB958E10A5}.Debug|Any CPU.Build.0 = Debug|Any CPU
		{EAB44AD9-04EA-45CE-88CA-12BB958E10A5}.Release|Any CPU.ActiveCfg = Release|Any CPU
		{EAB44AD9-04EA-45CE-88CA-12BB958E10A5}.Release|Any CPU.Build.0 = Release|Any CPU
	EndGlobalSection
	GlobalSection(SolutionProperties) = preSolution
		HideSolutionNode = FALSE
	EndGlobalSection
	GlobalSection(ExtensibilityGlobals) = postSolution
		SolutionGuid = {8C040003-A675-4AF3-BF5A-CC1F1BF411DB}
	EndGlobalSection
EndGlobal
